
Microsoft Visual Studio Solution File, Format Version 12.00
# Visual Studio Version 17
VisualStudioVersion = 17.10.35027.167
MinimumVisualStudioVersion = 10.0.40219.1
Project("{FAE04EC0-301F-11D3-BF4B-00C04F79EFBC}") = "Authorization", "Authorization\Authorization.csproj", "{22D05992-FF56-4725-898E-91EB7FAFBC1C}"
Project("{FAE04EC0-301F-11D3-BF4B-00C04F79EFBC}") = "SpaceObject", "SpaceObject\SpaceObject.csproj", "{E81493EB-E022-45B1-AEC3-F2307849BA58}"
EndProject
Global
	GlobalSection(SolutionConfigurationPlatforms) = preSolution
		Debug|Any CPU = Debug|Any CPU
		Release|Any CPU = Release|Any CPU
	EndGlobalSection
	GlobalSection(ProjectConfigurationPlatforms) = postSolution
		{22D05992-FF56-4725-898E-91EB7FAFBC1C}.Debug|Any CPU.ActiveCfg = Debug|Any CPU
		{22D05992-FF56-4725-898E-91EB7FAFBC1C}.Debug|Any CPU.Build.0 = Debug|Any CPU
		{22D05992-FF56-4725-898E-91EB7FAFBC1C}.Release|Any CPU.ActiveCfg = Release|Any CPU
		{22D05992-FF56-4725-898E-91EB7FAFBC1C}.Release|Any CPU.Build.0 = Release|Any CPU
		{E81493EB-E022-45B1-AEC3-F2307849BA58}.Debug|Any CPU.ActiveCfg = Debug|Any CPU
		{E81493EB-E022-45B1-AEC3-F2307849BA58}.Debug|Any CPU.Build.0 = Debug|Any CPU
		{E81493EB-E022-45B1-AEC3-F2307849BA58}.Release|Any CPU.ActiveCfg = Release|Any CPU
		{E81493EB-E022-45B1-AEC3-F2307849BA58}.Release|Any CPU.Build.0 = Release|Any CPU
	EndGlobalSection
	GlobalSection(SolutionProperties) = preSolution
		HideSolutionNode = FALSE
	EndGlobalSection
	GlobalSection(ExtensibilityGlobals) = postSolution
		SolutionGuid = {BDE93932-E8D3-460D-8A9B-D4F5D02C0E7E}
	EndGlobalSection
EndGlobal
